
Microsoft Visual Studio Solution File, Format Version 12.00
# Visual Studio Version 17
VisualStudioVersion = 17.5.33516.290
MinimumVisualStudioVersion = 10.0.40219.1
Project("{FAE04EC0-301F-11D3-BF4B-00C04F79EFBC}") = "VideoDownloader.Common.Models", "VideoDownloader.Common.Models\VideoDownloader.Common.Models.csproj", "{BC62299B-059F-459E-BC66-4BBC889DD929}"
EndProject
Global
	GlobalSection(SolutionConfigurationPlatforms) = preSolution
		Debug|Any CPU = Debug|Any CPU
		Release|Any CPU = Release|Any CPU
	EndGlobalSection
	GlobalSection(ProjectConfigurationPlatforms) = postSolution
		{BC62299B-059F-459E-BC66-4BBC889DD929}.Debug|Any CPU.ActiveCfg = Debug|Any CPU
		{BC62299B-059F-459E-BC66-4BBC889DD929}.Debug|Any CPU.Build.0 = Debug|Any CPU
		{BC62299B-059F-459E-BC66-4BBC889DD929}.Release|Any CPU.ActiveCfg = Release|Any CPU
		{BC62299B-059F-459E-BC66-4BBC889DD929}.Release|Any CPU.Build.0 = Release|Any CPU
	EndGlobalSection
	GlobalSection(SolutionProperties) = preSolution
		HideSolutionNode = FALSE
	EndGlobalSection
	GlobalSection(ExtensibilityGlobals) = postSolution
		SolutionGuid = {7513FC68-6877-4C34-9233-28513A983A67}
	EndGlobalSection
EndGlobal
