
Microsoft Visual Studio Solution File, Format Version 12.00
# Visual Studio Version 17
VisualStudioVersion = 17.5.33516.290
MinimumVisualStudioVersion = 10.0.40219.1
Project("{9A19103F-16F7-4668-BE54-9A1E7A4F7556}") = "Gurrex.Common.Validations", "Gurrex.Common.Validations\Gurrex.Common.Validations.csproj", "{F28BA1F0-B881-4642-B7FF-07E08D892813}"
EndProject
Project("{9A19103F-16F7-4668-BE54-9A1E7A4F7556}") = "Gurrex.Common.Localization", "Gurrex.Common.Localization\Gurrex.Common.Localization.csproj", "{5B308AD5-DA30-4DCA-AE03-9452B8D7CA0A}"
EndProject
Project("{9A19103F-16F7-4668-BE54-9A1E7A4F7556}") = "Gurrex.Common.Interfaces", "Gurrex.Common.Interfaces\Gurrex.Common.Interfaces.csproj", "{594DB802-06CC-4763-966E-A6C603D8BDBB}"
EndProject
Project("{9A19103F-16F7-4668-BE54-9A1E7A4F7556}") = "Gurrex.Common.DAL", "Gurrex.Common.DAL\Gurrex.Common.DAL.csproj", "{599EF1D5-4F23-4108-8EF4-5C7F463FB20A}"
EndProject
Project("{9A19103F-16F7-4668-BE54-9A1E7A4F7556}") = "Gurrex.Common.Conversion", "Gurrex.Common.Conversion\Gurrex.Common.Conversion.csproj", "{A2F6B23A-0AC6-46FF-9894-4B9ED2DA1F5E}"
EndProject
Project("{9A19103F-16F7-4668-BE54-9A1E7A4F7556}") = "Gurrex.Common.Helpers", "Gurrex.Common.Helpers\Gurrex.Common.Helpers.csproj", "{563F1F76-6667-415E-9AFB-67DC97371748}"
EndProject
Global
	GlobalSection(SolutionConfigurationPlatforms) = preSolution
		Debug|Any CPU = Debug|Any CPU
		Release|Any CPU = Release|Any CPU
	EndGlobalSection
	GlobalSection(ProjectConfigurationPlatforms) = postSolution
		{F28BA1F0-B881-4642-B7FF-07E08D892813}.Debug|Any CPU.ActiveCfg = Debug|Any CPU
		{F28BA1F0-B881-4642-B7FF-07E08D892813}.Debug|Any CPU.Build.0 = Debug|Any CPU
		{F28BA1F0-B881-4642-B7FF-07E08D892813}.Release|Any CPU.ActiveCfg = Release|Any CPU
		{F28BA1F0-B881-4642-B7FF-07E08D892813}.Release|Any CPU.Build.0 = Release|Any CPU
		{5B308AD5-DA30-4DCA-AE03-9452B8D7CA0A}.Debug|Any CPU.ActiveCfg = Debug|Any CPU
		{5B308AD5-DA30-4DCA-AE03-9452B8D7CA0A}.Debug|Any CPU.Build.0 = Debug|Any CPU
		{5B308AD5-DA30-4DCA-AE03-9452B8D7CA0A}.Release|Any CPU.ActiveCfg = Release|Any CPU
		{5B308AD5-DA30-4DCA-AE03-9452B8D7CA0A}.Release|Any CPU.Build.0 = Release|Any CPU
		{594DB802-06CC-4763-966E-A6C603D8BDBB}.Debug|Any CPU.ActiveCfg = Debug|Any CPU
		{594DB802-06CC-4763-966E-A6C603D8BDBB}.Debug|Any CPU.Build.0 = Debug|Any CPU
		{594DB802-06CC-4763-966E-A6C603D8BDBB}.Release|Any CPU.ActiveCfg = Release|Any CPU
		{594DB802-06CC-4763-966E-A6C603D8BDBB}.Release|Any CPU.Build.0 = Release|Any CPU
		{599EF1D5-4F23-4108-8EF4-5C7F463FB20A}.Debug|Any CPU.ActiveCfg = Debug|Any CPU
		{599EF1D5-4F23-4108-8EF4-5C7F463FB20A}.Debug|Any CPU.Build.0 = Debug|Any CPU
		{599EF1D5-4F23-4108-8EF4-5C7F463FB20A}.Release|Any CPU.ActiveCfg = Release|Any CPU
		{599EF1D5-4F23-4108-8EF4-5C7F463FB20A}.Release|Any CPU.Build.0 = Release|Any CPU
		{A2F6B23A-0AC6-46FF-9894-4B9ED2DA1F5E}.Debug|Any CPU.ActiveCfg = Debug|Any CPU
		{A2F6B23A-0AC6-46FF-9894-4B9ED2DA1F5E}.Debug|Any CPU.Build.0 = Debug|Any CPU
		{A2F6B23A-0AC6-46FF-9894-4B9ED2DA1F5E}.Release|Any CPU.ActiveCfg = Release|Any CPU
		{A2F6B23A-0AC6-46FF-9894-4B9ED2DA1F5E}.Release|Any CPU.Build.0 = Release|Any CPU
		{563F1F76-6667-415E-9AFB-67DC97371748}.Debug|Any CPU.ActiveCfg = Debug|Any CPU
		{563F1F76-6667-415E-9AFB-67DC97371748}.Debug|Any CPU.Build.0 = Debug|Any CPU
		{563F1F76-6667-415E-9AFB-67DC97371748}.Release|Any CPU.ActiveCfg = Release|Any CPU
		{563F1F76-6667-415E-9AFB-67DC97371748}.Release|Any CPU.Build.0 = Release|Any CPU
	EndGlobalSection
	GlobalSection(SolutionProperties) = preSolution
		HideSolutionNode = FALSE
	EndGlobalSection
	GlobalSection(ExtensibilityGlobals) = postSolution
		SolutionGuid = {97C383BA-1A31-4429-914A-975A0AA95977}
	EndGlobalSection
EndGlobal
